
Microsoft Visual Studio Solution File, Format Version 12.00
# Visual Studio 14
VisualStudioVersion = 14.0.23107.0
MinimumVisualStudioVersion = 10.0.40219.1
Project("{FAE04EC0-301F-11D3-BF4B-00C04F79EFBC}") = "RoutesAndTimetables.Ui", "RoutesAndTimetables\RoutesAndTimetables\RoutesAndTimetables.Ui.csproj", "{31CA6042-AF7B-4E1E-8391-DD8F94F61EF2}"
EndProject
Project("{FAE04EC0-301F-11D3-BF4B-00C04F79EFBC}") = "RoutesAndTimetables.Droid", "RoutesAndTimetables\RoutesAndTimetables.Droid\RoutesAndTimetables.Droid.csproj", "{E94B1AA0-CEA1-49C5-9384-28CD72FAFE35}"
EndProject
Project("{2150E333-8FDC-42A3-9474-1A3956D46DE8}") = "Targets", "Targets", "{457BB83F-6218-4803-BF70-32241B8EAAD2}"
EndProject
Project("{FAE04EC0-301F-11D3-BF4B-00C04F79EFBC}") = "RoutesAndTimetables.Business", "RoutesAndTimetables.Business\RoutesAndTimetables.Business.csproj", "{67F9D3A8-F71E-4428-913F-C37AE82CDB24}"
EndProject
Global
	GlobalSection(SolutionConfigurationPlatforms) = preSolution
		Ad-Hoc|Any CPU = Ad-Hoc|Any CPU
		Ad-Hoc|ARM = Ad-Hoc|ARM
		Ad-Hoc|iPhone = Ad-Hoc|iPhone
		Ad-Hoc|iPhoneSimulator = Ad-Hoc|iPhoneSimulator
		Ad-Hoc|x86 = Ad-Hoc|x86
		AppStore|Any CPU = AppStore|Any CPU
		AppStore|ARM = AppStore|ARM
		AppStore|iPhone = AppStore|iPhone
		AppStore|iPhoneSimulator = AppStore|iPhoneSimulator
		AppStore|x86 = AppStore|x86
		Debug|Any CPU = Debug|Any CPU
		Debug|ARM = Debug|ARM
		Debug|iPhone = Debug|iPhone
		Debug|iPhoneSimulator = Debug|iPhoneSimulator
		Debug|x86 = Debug|x86
		Release|Any CPU = Release|Any CPU
		Release|ARM = Release|ARM
		Release|iPhone = Release|iPhone
		Release|iPhoneSimulator = Release|iPhoneSimulator
		Release|x86 = Release|x86
	EndGlobalSection
	GlobalSection(ProjectConfigurationPlatforms) = postSolution
		{31CA6042-AF7B-4E1E-8391-DD8F94F61EF2}.Ad-Hoc|Any CPU.ActiveCfg = Release|Any CPU
		{31CA6042-AF7B-4E1E-8391-DD8F94F61EF2}.Ad-Hoc|Any CPU.Build.0 = Release|Any CPU
		{31CA6042-AF7B-4E1E-8391-DD8F94F61EF2}.Ad-Hoc|ARM.ActiveCfg = Release|Any CPU
		{31CA6042-AF7B-4E1E-8391-DD8F94F61EF2}.Ad-Hoc|ARM.Build.0 = Release|Any CPU
		{31CA6042-AF7B-4E1E-8391-DD8F94F61EF2}.Ad-Hoc|iPhone.ActiveCfg = Release|Any CPU
		{31CA6042-AF7B-4E1E-8391-DD8F94F61EF2}.Ad-Hoc|iPhone.Build.0 = Release|Any CPU
		{31CA6042-AF7B-4E1E-8391-DD8F94F61EF2}.Ad-Hoc|iPhoneSimulator.ActiveCfg = Release|Any CPU
		{31CA6042-AF7B-4E1E-8391-DD8F94F61EF2}.Ad-Hoc|iPhoneSimulator.Build.0 = Release|Any CPU
		{31CA6042-AF7B-4E1E-8391-DD8F94F61EF2}.Ad-Hoc|x86.ActiveCfg = Release|Any CPU
		{31CA6042-AF7B-4E1E-8391-DD8F94F61EF2}.Ad-Hoc|x86.Build.0 = Release|Any CPU
		{31CA6042-AF7B-4E1E-8391-DD8F94F61EF2}.AppStore|Any CPU.ActiveCfg = Release|Any CPU
		{31CA6042-AF7B-4E1E-8391-DD8F94F61EF2}.AppStore|Any CPU.Build.0 = Release|Any CPU
		{31CA6042-AF7B-4E1E-8391-DD8F94F61EF2}.AppStore|ARM.ActiveCfg = Release|Any CPU
		{31CA6042-AF7B-4E1E-8391-DD8F94F61EF2}.AppStore|ARM.Build.0 = Release|Any CPU
		{31CA6042-AF7B-4E1E-8391-DD8F94F61EF2}.AppStore|iPhone.ActiveCfg = Release|Any CPU
		{31CA6042-AF7B-4E1E-8391-DD8F94F61EF2}.AppStore|iPhone.Build.0 = Release|Any CPU
		{31CA6042-AF7B-4E1E-8391-DD8F94F61EF2}.AppStore|iPhoneSimulator.ActiveCfg = Release|Any CPU
		{31CA6042-AF7B-4E1E-8391-DD8F94F61EF2}.AppStore|iPhoneSimulator.Build.0 = Release|Any CPU
		{31CA6042-AF7B-4E1E-8391-DD8F94F61EF2}.AppStore|x86.ActiveCfg = Release|Any CPU
		{31CA6042-AF7B-4E1E-8391-DD8F94F61EF2}.AppStore|x86.Build.0 = Release|Any CPU
		{31CA6042-AF7B-4E1E-8391-DD8F94F61EF2}.Debug|Any CPU.ActiveCfg = Debug|Any CPU
		{31CA6042-AF7B-4E1E-8391-DD8F94F61EF2}.Debug|Any CPU.Build.0 = Debug|Any CPU
		{31CA6042-AF7B-4E1E-8391-DD8F94F61EF2}.Debug|ARM.ActiveCfg = Debug|Any CPU
		{31CA6042-AF7B-4E1E-8391-DD8F94F61EF2}.Debug|ARM.Build.0 = Debug|Any CPU
		{31CA6042-AF7B-4E1E-8391-DD8F94F61EF2}.Debug|iPhone.ActiveCfg = Debug|Any CPU
		{31CA6042-AF7B-4E1E-8391-DD8F94F61EF2}.Debug|iPhone.Build.0 = Debug|Any CPU
		{31CA6042-AF7B-4E1E-8391-DD8F94F61EF2}.Debug|iPhoneSimulator.ActiveCfg = Debug|Any CPU
		{31CA6042-AF7B-4E1E-8391-DD8F94F61EF2}.Debug|iPhoneSimulator.Build.0 = Debug|Any CPU
		{31CA6042-AF7B-4E1E-8391-DD8F94F61EF2}.Debug|x86.ActiveCfg = Debug|Any CPU
		{31CA6042-AF7B-4E1E-8391-DD8F94F61EF2}.Debug|x86.Build.0 = Debug|Any CPU
		{31CA6042-AF7B-4E1E-8391-DD8F94F61EF2}.Release|Any CPU.ActiveCfg = Release|Any CPU
		{31CA6042-AF7B-4E1E-8391-DD8F94F61EF2}.Release|Any CPU.Build.0 = Release|Any CPU
		{31CA6042-AF7B-4E1E-8391-DD8F94F61EF2}.Release|ARM.ActiveCfg = Release|Any CPU
		{31CA6042-AF7B-4E1E-8391-DD8F94F61EF2}.Release|ARM.Build.0 = Release|Any CPU
		{31CA6042-AF7B-4E1E-8391-DD8F94F61EF2}.Release|iPhone.ActiveCfg = Release|Any CPU
		{31CA6042-AF7B-4E1E-8391-DD8F94F61EF2}.Release|iPhone.Build.0 = Release|Any CPU
		{31CA6042-AF7B-4E1E-8391-DD8F94F61EF2}.Release|iPhoneSimulator.ActiveCfg = Release|Any CPU
		{31CA6042-AF7B-4E1E-8391-DD8F94F61EF2}.Release|iPhoneSimulator.Build.0 = Release|Any CPU
		{31CA6042-AF7B-4E1E-8391-DD8F94F61EF2}.Release|x86.ActiveCfg = Release|Any CPU
		{31CA6042-AF7B-4E1E-8391-DD8F94F61EF2}.Release|x86.Build.0 = Release|Any CPU
		{E94B1AA0-CEA1-49C5-9384-28CD72FAFE35}.Ad-Hoc|Any CPU.ActiveCfg = Release|Any CPU
		{E94B1AA0-CEA1-49C5-9384-28CD72FAFE35}.Ad-Hoc|Any CPU.Build.0 = Release|Any CPU
		{E94B1AA0-CEA1-49C5-9384-28CD72FAFE35}.Ad-Hoc|Any CPU.Deploy.0 = Release|Any CPU
		{E94B1AA0-CEA1-49C5-9384-28CD72FAFE35}.Ad-Hoc|ARM.ActiveCfg = Release|Any CPU
		{E94B1AA0-CEA1-49C5-9384-28CD72FAFE35}.Ad-Hoc|ARM.Build.0 = Release|Any CPU
		{E94B1AA0-CEA1-49C5-9384-28CD72FAFE35}.Ad-Hoc|ARM.Deploy.0 = Release|Any CPU
		{E94B1AA0-CEA1-49C5-9384-28CD72FAFE35}.Ad-Hoc|iPhone.ActiveCfg = Release|Any CPU
		{E94B1AA0-CEA1-49C5-9384-28CD72FAFE35}.Ad-Hoc|iPhone.Build.0 = Release|Any CPU
		{E94B1AA0-CEA1-49C5-9384-28CD72FAFE35}.Ad-Hoc|iPhone.Deploy.0 = Release|Any CPU
		{E94B1AA0-CEA1-49C5-9384-28CD72FAFE35}.Ad-Hoc|iPhoneSimulator.ActiveCfg = Release|Any CPU
		{E94B1AA0-CEA1-49C5-9384-28CD72FAFE35}.Ad-Hoc|iPhoneSimulator.Build.0 = Release|Any CPU
		{E94B1AA0-CEA1-49C5-9384-28CD72FAFE35}.Ad-Hoc|iPhoneSimulator.Deploy.0 = Release|Any CPU
		{E94B1AA0-CEA1-49C5-9384-28CD72FAFE35}.Ad-Hoc|x86.ActiveCfg = Release|Any CPU
		{E94B1AA0-CEA1-49C5-9384-28CD72FAFE35}.Ad-Hoc|x86.Build.0 = Release|Any CPU
		{E94B1AA0-CEA1-49C5-9384-28CD72FAFE35}.Ad-Hoc|x86.Deploy.0 = Release|Any CPU
		{E94B1AA0-CEA1-49C5-9384-28CD72FAFE35}.AppStore|Any CPU.ActiveCfg = Release|Any CPU
		{E94B1AA0-CEA1-49C5-9384-28CD72FAFE35}.AppStore|Any CPU.Build.0 = Release|Any CPU
		{E94B1AA0-CEA1-49C5-9384-28CD72FAFE35}.AppStore|Any CPU.Deploy.0 = Release|Any CPU
		{E94B1AA0-CEA1-49C5-9384-28CD72FAFE35}.AppStore|ARM.ActiveCfg = Release|Any CPU
		{E94B1AA0-CEA1-49C5-9384-28CD72FAFE35}.AppStore|ARM.Build.0 = Release|Any CPU
		{E94B1AA0-CEA1-49C5-9384-28CD72FAFE35}.AppStore|ARM.Deploy.0 = Release|Any CPU
		{E94B1AA0-CEA1-49C5-9384-28CD72FAFE35}.AppStore|iPhone.ActiveCfg = Release|Any CPU
		{E94B1AA0-CEA1-49C5-9384-28CD72FAFE35}.AppStore|iPhone.Build.0 = Release|Any CPU
		{E94B1AA0-CEA1-49C5-9384-28CD72FAFE35}.AppStore|iPhone.Deploy.0 = Release|Any CPU
		{E94B1AA0-CEA1-49C5-9384-28CD72FAFE35}.AppStore|iPhoneSimulator.ActiveCfg = Release|Any CPU
		{E94B1AA0-CEA1-49C5-9384-28CD72FAFE35}.AppStore|iPhoneSimulator.Build.0 = Release|Any CPU
		{E94B1AA0-CEA1-49C5-9384-28CD72FAFE35}.AppStore|iPhoneSimulator.Deploy.0 = Release|Any CPU
		{E94B1AA0-CEA1-49C5-9384-28CD72FAFE35}.AppStore|x86.ActiveCfg = Release|Any CPU
		{E94B1AA0-CEA1-49C5-9384-28CD72FAFE35}.AppStore|x86.Build.0 = Release|Any CPU
		{E94B1AA0-CEA1-49C5-9384-28CD72FAFE35}.AppStore|x86.Deploy.0 = Release|Any CPU
		{E94B1AA0-CEA1-49C5-9384-28CD72FAFE35}.Debug|Any CPU.ActiveCfg = Debug|Any CPU
		{E94B1AA0-CEA1-49C5-9384-28CD72FAFE35}.Debug|Any CPU.Build.0 = Debug|Any CPU
		{E94B1AA0-CEA1-49C5-9384-28CD72FAFE35}.Debug|Any CPU.Deploy.0 = Debug|Any CPU
		{E94B1AA0-CEA1-49C5-9384-28CD72FAFE35}.Debug|ARM.ActiveCfg = Debug|Any CPU
		{E94B1AA0-CEA1-49C5-9384-28CD72FAFE35}.Debug|ARM.Build.0 = Debug|Any CPU
		{E94B1AA0-CEA1-49C5-9384-28CD72FAFE35}.Debug|ARM.Deploy.0 = Debug|Any CPU
		{E94B1AA0-CEA1-49C5-9384-28CD72FAFE35}.Debug|iPhone.ActiveCfg = Debug|Any CPU
		{E94B1AA0-CEA1-49C5-9384-28CD72FAFE35}.Debug|iPhone.Build.0 = Debug|Any CPU
		{E94B1AA0-CEA1-49C5-9384-28CD72FAFE35}.Debug|iPhone.Deploy.0 = Debug|Any CPU
		{E94B1AA0-CEA1-49C5-9384-28CD72FAFE35}.Debug|iPhoneSimulator.ActiveCfg = Debug|Any CPU
		{E94B1AA0-CEA1-49C5-9384-28CD72FAFE35}.Debug|iPhoneSimulator.Build.0 = Debug|Any CPU
		{E94B1AA0-CEA1-49C5-9384-28CD72FAFE35}.Debug|iPhoneSimulator.Deploy.0 = Debug|Any CPU
		{E94B1AA0-CEA1-49C5-9384-28CD72FAFE35}.Debug|x86.ActiveCfg = Debug|Any CPU
		{E94B1AA0-CEA1-49C5-9384-28CD72FAFE35}.Debug|x86.Build.0 = Debug|Any CPU
		{E94B1AA0-CEA1-49C5-9384-28CD72FAFE35}.Debug|x86.Deploy.0 = Debug|Any CPU
		{E94B1AA0-CEA1-49C5-9384-28CD72FAFE35}.Release|Any CPU.ActiveCfg = Release|Any CPU
		{E94B1AA0-CEA1-49C5-9384-28CD72FAFE35}.Release|Any CPU.Build.0 = Release|Any CPU
		{E94B1AA0-CEA1-49C5-9384-28CD72FAFE35}.Release|Any CPU.Deploy.0 = Release|Any CPU
		{E94B1AA0-CEA1-49C5-9384-28CD72FAFE35}.Release|ARM.ActiveCfg = Release|Any CPU
		{E94B1AA0-CEA1-49C5-9384-28CD72FAFE35}.Release|ARM.Build.0 = Release|Any CPU
		{E94B1AA0-CEA1-49C5-9384-28CD72FAFE35}.Release|ARM.Deploy.0 = Release|Any CPU
		{E94B1AA0-CEA1-49C5-9384-28CD72FAFE35}.Release|iPhone.ActiveCfg = Release|Any CPU
		{E94B1AA0-CEA1-49C5-9384-28CD72FAFE35}.Release|iPhone.Build.0 = Release|Any CPU
		{E94B1AA0-CEA1-49C5-9384-28CD72FAFE35}.Release|iPhone.Deploy.0 = Release|Any CPU
		{E94B1AA0-CEA1-49C5-9384-28CD72FAFE35}.Release|iPhoneSimulator.ActiveCfg = Release|Any CPU
		{E94B1AA0-CEA1-49C5-9384-28CD72FAFE35}.Release|iPhoneSimulator.Build.0 = Release|Any CPU
		{E94B1AA0-CEA1-49C5-9384-28CD72FAFE35}.Release|iPhoneSimulator.Deploy.0 = Release|Any CPU
		{E94B1AA0-CEA1-49C5-9384-28CD72FAFE35}.Release|x86.ActiveCfg = Release|Any CPU
		{E94B1AA0-CEA1-49C5-9384-28CD72FAFE35}.Release|x86.Build.0 = Release|Any CPU
		{E94B1AA0-CEA1-49C5-9384-28CD72FAFE35}.Release|x86.Deploy.0 = Release|Any CPU
		{67F9D3A8-F71E-4428-913F-C37AE82CDB24}.Ad-Hoc|Any CPU.ActiveCfg = Release|Any CPU
		{67F9D3A8-F71E-4428-913F-C37AE82CDB24}.Ad-Hoc|Any CPU.Build.0 = Release|Any CPU
		{67F9D3A8-F71E-4428-913F-C37AE82CDB24}.Ad-Hoc|ARM.ActiveCfg = Release|Any CPU
		{67F9D3A8-F71E-4428-913F-C37AE82CDB24}.Ad-Hoc|ARM.Build.0 = Release|Any CPU
		{67F9D3A8-F71E-4428-913F-C37AE82CDB24}.Ad-Hoc|iPhone.ActiveCfg = Release|Any CPU
		{67F9D3A8-F71E-4428-913F-C37AE82CDB24}.Ad-Hoc|iPhone.Build.0 = Release|Any CPU
		{67F9D3A8-F71E-4428-913F-C37AE82CDB24}.Ad-Hoc|iPhoneSimulator.ActiveCfg = Release|Any CPU
		{67F9D3A8-F71E-4428-913F-C37AE82CDB24}.Ad-Hoc|iPhoneSimulator.Build.0 = Release|Any CPU
		{67F9D3A8-F71E-4428-913F-C37AE82CDB24}.Ad-Hoc|x86.ActiveCfg = Release|Any CPU
		{67F9D3A8-F71E-4428-913F-C37AE82CDB24}.Ad-Hoc|x86.Build.0 = Release|Any CPU
		{67F9D3A8-F71E-4428-913F-C37AE82CDB24}.AppStore|Any CPU.ActiveCfg = Release|Any CPU
		{67F9D3A8-F71E-4428-913F-C37AE82CDB24}.AppStore|Any CPU.Build.0 = Release|Any CPU
		{67F9D3A8-F71E-4428-913F-C37AE82CDB24}.AppStore|ARM.ActiveCfg = Release|Any CPU
		{67F9D3A8-F71E-4428-913F-C37AE82CDB24}.AppStore|ARM.Build.0 = Release|Any CPU
		{67F9D3A8-F71E-4428-913F-C37AE82CDB24}.AppStore|iPhone.ActiveCfg = Release|Any CPU
		{67F9D3A8-F71E-4428-913F-C37AE82CDB24}.AppStore|iPhone.Build.0 = Release|Any CPU
		{67F9D3A8-F71E-4428-913F-C37AE82CDB24}.AppStore|iPhoneSimulator.ActiveCfg = Release|Any CPU
		{67F9D3A8-F71E-4428-913F-C37AE82CDB24}.AppStore|iPhoneSimulator.Build.0 = Release|Any CPU
		{67F9D3A8-F71E-4428-913F-C37AE82CDB24}.AppStore|x86.ActiveCfg = Release|Any CPU
		{67F9D3A8-F71E-4428-913F-C37AE82CDB24}.AppStore|x86.Build.0 = Release|Any CPU
		{67F9D3A8-F71E-4428-913F-C37AE82CDB24}.Debug|Any CPU.ActiveCfg = Debug|Any CPU
		{67F9D3A8-F71E-4428-913F-C37AE82CDB24}.Debug|Any CPU.Build.0 = Debug|Any CPU
		{67F9D3A8-F71E-4428-913F-C37AE82CDB24}.Debug|ARM.ActiveCfg = Debug|Any CPU
		{67F9D3A8-F71E-4428-913F-C37AE82CDB24}.Debug|ARM.Build.0 = Debug|Any CPU
		{67F9D3A8-F71E-4428-913F-C37AE82CDB24}.Debug|iPhone.ActiveCfg = Debug|Any CPU
		{67F9D3A8-F71E-4428-913F-C37AE82CDB24}.Debug|iPhone.Build.0 = Debug|Any CPU
		{67F9D3A8-F71E-4428-913F-C37AE82CDB24}.Debug|iPhoneSimulator.ActiveCfg = Debug|Any CPU
		{67F9D3A8-F71E-4428-913F-C37AE82CDB24}.Debug|iPhoneSimulator.Build.0 = Debug|Any CPU
		{67F9D3A8-F71E-4428-913F-C37AE82CDB24}.Debug|x86.ActiveCfg = Debug|Any CPU
		{67F9D3A8-F71E-4428-913F-C37AE82CDB24}.Debug|x86.Build.0 = Debug|Any CPU
		{67F9D3A8-F71E-4428-913F-C37AE82CDB24}.Release|Any CPU.ActiveCfg = Release|Any CPU
		{67F9D3A8-F71E-4428-913F-C37AE82CDB24}.Release|Any CPU.Build.0 = Release|Any CPU
		{67F9D3A8-F71E-4428-913F-C37AE82CDB24}.Release|ARM.ActiveCfg = Release|Any CPU
		{67F9D3A8-F71E-4428-913F-C37AE82CDB24}.Release|ARM.Build.0 = Release|Any CPU
		{67F9D3A8-F71E-4428-913F-C37AE82CDB24}.Release|iPhone.ActiveCfg = Release|Any CPU
		{67F9D3A8-F71E-4428-913F-C37AE82CDB24}.Release|iPhone.Build.0 = Release|Any CPU
		{67F9D3A8-F71E-4428-913F-C37AE82CDB24}.Release|iPhoneSimulator.ActiveCfg = Release|Any CPU
		{67F9D3A8-F71E-4428-913F-C37AE82CDB24}.Release|iPhoneSimulator.Build.0 = Release|Any CPU
		{67F9D3A8-F71E-4428-913F-C37AE82CDB24}.Release|x86.ActiveCfg = Release|Any CPU
		{67F9D3A8-F71E-4428-913F-C37AE82CDB24}.Release|x86.Build.0 = Release|Any CPU
	EndGlobalSection
	GlobalSection(SolutionProperties) = preSolution
		HideSolutionNode = FALSE
	EndGlobalSection
	GlobalSection(NestedProjects) = preSolution
		{E94B1AA0-CEA1-49C5-9384-28CD72FAFE35} = {457BB83F-6218-4803-BF70-32241B8EAAD2}
	EndGlobalSection
EndGlobal
